
Microsoft Visual Studio Solution File, Format Version 10.00
# Visual Studio 2008
Project("{8BC9CEB8-8B4A-11D0-8D11-00A0C91BC942}") = "VisLuFramework", "VisLuFramework.vcproj", "{3F1E2F7C-32AB-43C4-BBAB-9E74112B8DB7}"
EndProject
Global
	GlobalSection(SolutionConfigurationPlatforms) = preSolution
		Debug|Win32 = Debug|Win32
		Release|Win32 = Release|Win32
	EndGlobalSection
	GlobalSection(ProjectConfigurationPlatforms) = postSolution
		{3F1E2F7C-32AB-43C4-BBAB-9E74112B8DB7}.Debug|Win32.ActiveCfg = Debug|Win32
		{3F1E2F7C-32AB-43C4-BBAB-9E74112B8DB7}.Debug|Win32.Build.0 = Debug|Win32
		{3F1E2F7C-32AB-43C4-BBAB-9E74112B8DB7}.Release|Win32.ActiveCfg = Release|Win32
		{3F1E2F7C-32AB-43C4-BBAB-9E74112B8DB7}.Release|Win32.Build.0 = Release|Win32
	EndGlobalSection
	GlobalSection(SolutionProperties) = preSolution
		HideSolutionNode = FALSE
	EndGlobalSection
EndGlobal
